
Microsoft Visual Studio Solution File, Format Version 12.00
# Visual Studio Version 16
VisualStudioVersion = 16.0.32002.261
MinimumVisualStudioVersion = 10.0.40219.1
Project("{FAE04EC0-301F-11D3-BF4B-00C04F79EFBC}") = "MavelApi", "MavelApi\MavelApi.csproj", "{E90386B1-7F79-4732-BF2B-656FB272F2D8}"
EndProject
Global
	GlobalSection(SolutionConfigurationPlatforms) = preSolution
		Debug|Any CPU = Debug|Any CPU
		Release|Any CPU = Release|Any CPU
	EndGlobalSection
	GlobalSection(ProjectConfigurationPlatforms) = postSolution
		{E90386B1-7F79-4732-BF2B-656FB272F2D8}.Debug|Any CPU.ActiveCfg = Debug|Any CPU
		{E90386B1-7F79-4732-BF2B-656FB272F2D8}.Debug|Any CPU.Build.0 = Debug|Any CPU
		{E90386B1-7F79-4732-BF2B-656FB272F2D8}.Release|Any CPU.ActiveCfg = Release|Any CPU
		{E90386B1-7F79-4732-BF2B-656FB272F2D8}.Release|Any CPU.Build.0 = Release|Any CPU
	EndGlobalSection
	GlobalSection(SolutionProperties) = preSolution
		HideSolutionNode = FALSE
	EndGlobalSection
	GlobalSection(ExtensibilityGlobals) = postSolution
		SolutionGuid = {E30F525F-D8E1-43EB-9433-7081D60DC0D3}
	EndGlobalSection
EndGlobal
